
Microsoft Visual Studio Solution File, Format Version 12.00
# Visual Studio Version 16
VisualStudioVersion = 16.0.31112.23
MinimumVisualStudioVersion = 10.0.40219.1
Project("{FAE04EC0-301F-11D3-BF4B-00C04F79EFBC}") = "picacomic-Punch", "picacomic-Punch.csproj", "{C5DB3A8B-E75D-4B7E-973A-DECC89E6D6E4}"
EndProject
Global
	GlobalSection(SolutionConfigurationPlatforms) = preSolution
		Debug|Any CPU = Debug|Any CPU
		Release|Any CPU = Release|Any CPU
	EndGlobalSection
	GlobalSection(ProjectConfigurationPlatforms) = postSolution
		{C5DB3A8B-E75D-4B7E-973A-DECC89E6D6E4}.Debug|Any CPU.ActiveCfg = Debug|Any CPU
		{C5DB3A8B-E75D-4B7E-973A-DECC89E6D6E4}.Debug|Any CPU.Build.0 = Debug|Any CPU
		{C5DB3A8B-E75D-4B7E-973A-DECC89E6D6E4}.Release|Any CPU.ActiveCfg = Release|Any CPU
		{C5DB3A8B-E75D-4B7E-973A-DECC89E6D6E4}.Release|Any CPU.Build.0 = Release|Any CPU
	EndGlobalSection
	GlobalSection(SolutionProperties) = preSolution
		HideSolutionNode = FALSE
	EndGlobalSection
	GlobalSection(ExtensibilityGlobals) = postSolution
		SolutionGuid = {59038DF1-2B67-4020-A452-49E3227DC111}
	EndGlobalSection
EndGlobal
